
Microsoft Visual Studio Solution File, Format Version 12.00
# Visual Studio Version 16
VisualStudioVersion = 16.0.29326.143
MinimumVisualStudioVersion = 10.0.40219.1
Project("{FAE04EC0-301F-11D3-BF4B-00C04F79EFBC}") = "CICD_Application", "CICD_Application\CICD_Application.csproj", "{B0D39725-BFCB-4DAF-BA55-2B14F83B07F2}"
EndProject
Global
	GlobalSection(SolutionConfigurationPlatforms) = preSolution
		Debug|Any CPU = Debug|Any CPU
		Release|Any CPU = Release|Any CPU
	EndGlobalSection
	GlobalSection(ProjectConfigurationPlatforms) = postSolution
		{B0D39725-BFCB-4DAF-BA55-2B14F83B07F2}.Debug|Any CPU.ActiveCfg = Debug|Any CPU
		{B0D39725-BFCB-4DAF-BA55-2B14F83B07F2}.Debug|Any CPU.Build.0 = Debug|Any CPU
		{B0D39725-BFCB-4DAF-BA55-2B14F83B07F2}.Release|Any CPU.ActiveCfg = Release|Any CPU
		{B0D39725-BFCB-4DAF-BA55-2B14F83B07F2}.Release|Any CPU.Build.0 = Release|Any CPU
	EndGlobalSection
	GlobalSection(SolutionProperties) = preSolution
		HideSolutionNode = FALSE
	EndGlobalSection
	GlobalSection(ExtensibilityGlobals) = postSolution
		SolutionGuid = {0418BF52-742A-46E8-A969-60287D2691C4}
	EndGlobalSection
EndGlobal
